
Microsoft Visual Studio Solution File, Format Version 12.00
# Visual Studio Version 17
VisualStudioVersion = 17.9.34728.123
MinimumVisualStudioVersion = 10.0.40219.1
Project("{FAE04EC0-301F-11D3-BF4B-00C04F79EFBC}") = "Question3", "Question3.csproj", "{2FE32BA5-E90D-4AFF-8B20-763F540009C2}"
EndProject
Global
	GlobalSection(SolutionConfigurationPlatforms) = preSolution
		Debug|Any CPU = Debug|Any CPU
		Release|Any CPU = Release|Any CPU
	EndGlobalSection
	GlobalSection(ProjectConfigurationPlatforms) = postSolution
		{2FE32BA5-E90D-4AFF-8B20-763F540009C2}.Debug|Any CPU.ActiveCfg = Debug|Any CPU
		{2FE32BA5-E90D-4AFF-8B20-763F540009C2}.Debug|Any CPU.Build.0 = Debug|Any CPU
		{2FE32BA5-E90D-4AFF-8B20-763F540009C2}.Release|Any CPU.ActiveCfg = Release|Any CPU
		{2FE32BA5-E90D-4AFF-8B20-763F540009C2}.Release|Any CPU.Build.0 = Release|Any CPU
	EndGlobalSection
	GlobalSection(SolutionProperties) = preSolution
		HideSolutionNode = FALSE
	EndGlobalSection
	GlobalSection(ExtensibilityGlobals) = postSolution
		SolutionGuid = {CF7E5890-D284-4DA4-A363-32CA68780A79}
	EndGlobalSection
EndGlobal
